// !$*UTF8*$!
{
	archiveVersion = 1;
	classes = {
	};
	objectVersion = 46;
	objects = {

/* Begin PBXBuildFile section */
		B55EB7641BCDA12F003C6B83 /* AVFoundation.framework in Frameworks */ = {isa = PBXBuildFile; fileRef = B55EB7631BCDA12F003C6B83 /* AVFoundation.framework */; };
		B55EB7661BCDA138003C6B83 /* MediaPlayer.framework in Frameworks */ = {isa = PBXBuildFile; fileRef = B55EB7651BCDA138003C6B83 /* MediaPlayer.framework */; };
		B57B69B51BCBFD0A0074E9F9 /* AppDelegate.swift in Sources */ = {isa = PBXBuildFile; fileRef = B57B69B41BCBFD0A0074E9F9 /* AppDelegate.swift */; };
		B57B69B71BCBFD0A0074E9F9 /* RadioViewController.swift in Sources */ = {isa = PBXBuildFile; fileRef = B57B69B61BCBFD0A0074E9F9 /* RadioViewController.swift */; };
		B57B69BA1BCBFD0A0074E9F9 /* Main.storyboard in Resources */ = {isa = PBXBuildFile; fileRef = B57B69B81BCBFD0A0074E9F9 /* Main.storyboard */; };
		B57B69BC1BCBFD0A0074E9F9 /* Images.xcassets in Resources */ = {isa = PBXBuildFile; fileRef = B57B69BB1BCBFD0A0074E9F9 /* Images.xcassets */; };
		B57B69BF1BCBFD0A0074E9F9 /* LaunchScreen.xib in Resources */ = {isa = PBXBuildFile; fileRef = B57B69BD1BCBFD0A0074E9F9 /* LaunchScreen.xib */; };
		B57B69CB1BCBFD0A0074E9F9 /* CanigooTests.swift in Sources */ = {isa = PBXBuildFile; fileRef = B57B69CA1BCBFD0A0074E9F9 /* CanigooTests.swift */; };
		B5E1B53F1BCEB141004569B0 /* SwiftyJSON.swift in Sources */ = {isa = PBXBuildFile; fileRef = B5E1B53E1BCEB141004569B0 /* SwiftyJSON.swift */; };
/* End PBXBuildFile section */

/* Begin PBXContainerItemProxy section */
		B57B69C51BCBFD0A0074E9F9 /* PBXContainerItemProxy */ = {
			isa = PBXContainerItemProxy;
			containerPortal = B57B69A71BCBFD0A0074E9F9 /* Project object */;
			proxyType = 1;
			remoteGlobalIDString = B57B69AE1BCBFD0A0074E9F9;
			remoteInfo = Canigoo;
		};
/* End PBXContainerItemProxy section */

/* Begin PBXFileReference section */
		B55EB7631BCDA12F003C6B83 /* AVFoundation.framework */ = {isa = PBXFileReference; lastKnownFileType = wrapper.framework; name = AVFoundation.framework; path = System/Library/Frameworks/AVFoundation.framework; sourceTree = SDKROOT; };
		B55EB7651BCDA138003C6B83 /* MediaPlayer.framework */ = {isa = PBXFileReference; lastKnownFileType = wrapper.framework; name = MediaPlayer.framework; path = System/Library/Frameworks/MediaPlayer.framework; sourceTree = SDKROOT; };
		B57B69AF1BCBFD0A0074E9F9 /* Canigoo.app */ = {isa = PBXFileReference; explicitFileType = wrapper.application; includeInIndex = 0; path = Canigoo.app; sourceTree = BUILT_PRODUCTS_DIR; };
		B57B69B31BCBFD0A0074E9F9 /* Info.plist */ = {isa = PBXFileReference; lastKnownFileType = text.plist.xml; path = Info.plist; sourceTree = "<group>"; };
		B57B69B41BCBFD0A0074E9F9 /* AppDelegate.swift */ = {isa = PBXFileReference; lastKnownFileType = sourcecode.swift; path = AppDelegate.swift; sourceTree = "<group>"; };
		B57B69B61BCBFD0A0074E9F9 /* RadioViewController.swift */ = {isa = PBXFileReference; lastKnownFileType = sourcecode.swift; path = RadioViewController.swift; sourceTree = "<group>"; };
		B57B69B91BCBFD0A0074E9F9 /* Base */ = {isa = PBXFileReference; lastKnownFileType = file.storyboard; name = Base; path = Base.lproj/Main.storyboard; sourceTree = "<group>"; };
		B57B69BB1BCBFD0A0074E9F9 /* Images.xcassets */ = {isa = PBXFileReference; lastKnownFileType = folder.assetcatalog; path = Images.xcassets; sourceTree = "<group>"; };
		B57B69BE1BCBFD0A0074E9F9 /* Base */ = {isa = PBXFileReference; lastKnownFileType = file.xib; name = Base; path = Base.lproj/LaunchScreen.xib; sourceTree = "<group>"; };
		B57B69C41BCBFD0A0074E9F9 /* CanigooTests.xctest */ = {isa = PBXFileReference; explicitFileType = wrapper.cfbundle; includeInIndex = 0; path = CanigooTests.xctest; sourceTree = BUILT_PRODUCTS_DIR; };
		B57B69C91BCBFD0A0074E9F9 /* Info.plist */ = {isa = PBXFileReference; lastKnownFileType = text.plist.xml; path = Info.plist; sourceTree = "<group>"; };
		B57B69CA1BCBFD0A0074E9F9 /* CanigooTests.swift */ = {isa = PBXFileReference; lastKnownFileType = sourcecode.swift; path = CanigooTests.swift; sourceTree = "<group>"; };
		B5E1B53E1BCEB141004569B0 /* SwiftyJSON.swift */ = {isa = PBXFileReference; fileEncoding = 4; lastKnownFileType = sourcecode.swift; path = SwiftyJSON.swift; sourceTree = "<group>"; };
/* End PBXFileReference section */

/* Begin PBXFrameworksBuildPhase section */
		B57B69AC1BCBFD0A0074E9F9 /* Frameworks */ = {
			isa = PBXFrameworksBuildPhase;
			buildActionMask = 2147483647;
			files = (
				B55EB7661BCDA138003C6B83 /* MediaPlayer.framework in Frameworks */,
				B55EB7641BCDA12F003C6B83 /* AVFoundation.framework in Frameworks */,
			);
			runOnlyForDeploymentPostprocessing = 0;
		};
		B57B69C11BCBFD0A0074E9F9 /* Frameworks */ = {
			isa = PBXFrameworksBuildPhase;
			buildActionMask = 2147483647;
			files = (
			);
			runOnlyForDeploymentPostprocessing = 0;
		};
/* End PBXFrameworksBuildPhase section */

/* Begin PBXGroup section */
		B57B69A61BCBFD0A0074E9F9 = {
			isa = PBXGroup;
			children = (
				B55EB7651BCDA138003C6B83 /* MediaPlayer.framework */,
				B55EB7631BCDA12F003C6B83 /* AVFoundation.framework */,
				B57B69B11BCBFD0A0074E9F9 /* Canigoo */,
				B57B69C71BCBFD0A0074E9F9 /* CanigooTests */,
				B57B69B01BCBFD0A0074E9F9 /* Products */,
			);
			sourceTree = "<group>";
		};
		B57B69B01BCBFD0A0074E9F9 /* Products */ = {
			isa = PBXGroup;
			children = (
				B57B69AF1BCBFD0A0074E9F9 /* Canigoo.app */,
				B57B69C41BCBFD0A0074E9F9 /* CanigooTests.xctest */,
			);
			name = Products;
			sourceTree = "<group>";
		};
		B57B69B11BCBFD0A0074E9F9 /* Canigoo */ = {
			isa = PBXGroup;
			children = (
				B57B69B81BCBFD0A0074E9F9 /* Main.storyboard */,
				B57B69B41BCBFD0A0074E9F9 /* AppDelegate.swift */,
				B57B69B61BCBFD0A0074E9F9 /* RadioViewController.swift */,
				B5E1B53E1BCEB141004569B0 /* SwiftyJSON.swift */,
				B57B69BB1BCBFD0A0074E9F9 /* Images.xcassets */,
				B57B69BD1BCBFD0A0074E9F9 /* LaunchScreen.xib */,
				B57B69B21BCBFD0A0074E9F9 /* Supporting Files */,
			);
			path = Canigoo;
			sourceTree = "<group>";
		};
		B57B69B21BCBFD0A0074E9F9 /* Supporting Files */ = {
			isa = PBXGroup;
			children = (
				B57B69B31BCBFD0A0074E9F9 /* Info.plist */,
			);
			name = "Supporting Files";
			sourceTree = "<group>";
		};
		B57B69C71BCBFD0A0074E9F9 /* CanigooTests */ = {
			isa = PBXGroup;
			children = (
				B57B69CA1BCBFD0A0074E9F9 /* CanigooTests.swift */,
				B57B69C81BCBFD0A0074E9F9 /* Supporting Files */,
			);
			path = CanigooTests;
			sourceTree = "<group>";
		};
		B57B69C81BCBFD0A0074E9F9 /* Supporting Files */ = {
			isa = PBXGroup;
			children = (
				B57B69C91BCBFD0A0074E9F9 /* Info.plist */,
			);
			name = "Supporting Files";
			sourceTree = "<group>";
		};
/* End PBXGroup section */

/* Begin PBXNativeTarget section */
		B57B69AE1BCBFD0A0074E9F9 /* Canigoo */ = {
			isa = PBXNativeTarget;
			buildConfigurationList = B57B69CE1BCBFD0A0074E9F9 /* Build configuration list for PBXNativeTarget "Canigoo" */;
			buildPhases = (
				B57B69AB1BCBFD0A0074E9F9 /* Sources */,
				B57B69AC1BCBFD0A0074E9F9 /* Frameworks */,
				B57B69AD1BCBFD0A0074E9F9 /* Resources */,
			);
			buildRules = (
			);
			dependencies = (
			);
			name = Canigoo;
			productName = Canigoo;
			productReference = B57B69AF1BCBFD0A0074E9F9 /* Canigoo.app */;
			productType = "com.apple.product-type.application";
		};
		B57B69C31BCBFD0A0074E9F9 /* CanigooTests */ = {
			isa = PBXNativeTarget;
			buildConfigurationList = B57B69D11BCBFD0A0074E9F9 /* Build configuration list for PBXNativeTarget "CanigooTests" */;
			buildPhases = (
				B57B69C01BCBFD0A0074E9F9 /* Sources */,
				B57B69C11BCBFD0A0074E9F9 /* Frameworks */,
				B57B69C21BCBFD0A0074E9F9 /* Resources */,
			);
			buildRules = (
			);
			dependencies = (
				B57B69C61BCBFD0A0074E9F9 /* PBXTargetDependency */,
			);
			name = CanigooTests;
			productName = CanigooTests;
			productReference = B57B69C41BCBFD0A0074E9F9 /* CanigooTests.xctest */;
			productType = "com.apple.product-type.bundle.unit-test";
		};
/* End PBXNativeTarget section */

/* Begin PBXProject section */
		B57B69A71BCBFD0A0074E9F9 /* Project object */ = {
			isa = PBXProject;
			attributes = {
				LastSwiftMigration = 0700;
				LastSwiftUpdateCheck = 0700;
				LastUpgradeCheck = 0800;
				ORGANIZATIONNAME = "@ben_mcm";
				TargetAttributes = {
					B57B69AE1BCBFD0A0074E9F9 = {
						CreatedOnToolsVersion = 6.4;
						DevelopmentTeam = URYE7Q84ZM;
						LastSwiftMigration = 0800;
						ProvisioningStyle = Automatic;
						SystemCapabilities = {
							com.apple.BackgroundModes = {
								enabled = 1;
							};
						};
					};
					B57B69C31BCBFD0A0074E9F9 = {
						CreatedOnToolsVersion = 6.4;
						LastSwiftMigration = 0800;
						TestTargetID = B57B69AE1BCBFD0A0074E9F9;
					};
				};
			};
			buildConfigurationList = B57B69AA1BCBFD0A0074E9F9 /* Build configuration list for PBXProject "Canigoo" */;
			compatibilityVersion = "Xcode 3.2";
			developmentRegion = English;
			hasScannedForEncodings = 0;
			knownRegions = (
				en,
				Base,
			);
			mainGroup = B57B69A61BCBFD0A0074E9F9;
			productRefGroup = B57B69B01BCBFD0A0074E9F9 /* Products */;
			projectDirPath = "";
			projectRoot = "";
			targets = (
				B57B69AE1BCBFD0A0074E9F9 /* Canigoo */,
				B57B69C31BCBFD0A0074E9F9 /* CanigooTests */,
			);
		};
/* End PBXProject section */

/* Begin PBXResourcesBuildPhase section */
		B57B69AD1BCBFD0A0074E9F9 /* Resources */ = {
			isa = PBXResourcesBuildPhase;
			buildActionMask = 2147483647;
			files = (
				B57B69BA1BCBFD0A0074E9F9 /* Main.storyboard in Resources */,
				B57B69BF1BCBFD0A0074E9F9 /* LaunchScreen.xib in Resources */,
				B57B69BC1BCBFD0A0074E9F9 /* Images.xcassets in Resources */,
			);
			runOnlyForDeploymentPostprocessing = 0;
		};
		B57B69C21BCBFD0A0074E9F9 /* Resources */ = {
			isa = PBXResourcesBuildPhase;
			buildActionMask = 2147483647;
			files = (
			);
			runOnlyForDeploymentPostprocessing = 0;
		};
/* End PBXResourcesBuildPhase section */

/* Begin PBXSourcesBuildPhase section */
		B57B69AB1BCBFD0A0074E9F9 /* Sources */ = {
			isa = PBXSourcesBuildPhase;
			buildActionMask = 2147483647;
			files = (
				B57B69B71BCBFD0A0074E9F9 /* RadioViewController.swift in Sources */,
				B57B69B51BCBFD0A0074E9F9 /* AppDelegate.swift in Sources */,
				B5E1B53F1BCEB141004569B0 /* SwiftyJSON.swift in Sources */,
			);
			runOnlyForDeploymentPostprocessing = 0;
		};
		B57B69C01BCBFD0A0074E9F9 /* Sources */ = {
			isa = PBXSourcesBuildPhase;
			buildActionMask = 2147483647;
			files = (
				B57B69CB1BCBFD0A0074E9F9 /* CanigooTests.swift in Sources */,
			);
			runOnlyForDeploymentPostprocessing = 0;
		};
/* End PBXSourcesBuildPhase section */

/* Begin PBXTargetDependency section */
		B57B69C61BCBFD0A0074E9F9 /* PBXTargetDependency */ = {
			isa = PBXTargetDependency;
			target = B57B69AE1BCBFD0A0074E9F9 /* Canigoo */;
			targetProxy = B57B69C51BCBFD0A0074E9F9 /* PBXContainerItemProxy */;
		};
/* End PBXTargetDependency section */

/* Begin PBXVariantGroup section */
		B57B69B81BCBFD0A0074E9F9 /* Main.storyboard */ = {
			isa = PBXVariantGroup;
			children = (
				B57B69B91BCBFD0A0074E9F9 /* Base */,
			);
			name = Main.storyboard;
			sourceTree = "<group>";
		};
		B57B69BD1BCBFD0A0074E9F9 /* LaunchScreen.xib */ = {
			isa = PBXVariantGroup;
			children = (
				B57B69BE1BCBFD0A0074E9F9 /* Base */,
			);
			name = LaunchScreen.xib;
			sourceTree = "<group>";
		};
/* End PBXVariantGroup section */

/* Begin XCBuildConfiguration section */
		B57B69CC1BCBFD0A0074E9F9 /* Debug */ = {
			isa = XCBuildConfiguration;
			buildSettings = {
				ALWAYS_SEARCH_USER_PATHS = NO;
				CLANG_CXX_LANGUAGE_STANDARD = "gnu++0x";
				CLANG_CXX_LIBRARY = "libc++";
				CLANG_ENABLE_MODULES = YES;
				CLANG_ENABLE_OBJC_ARC = YES;
				CLANG_WARN_BOOL_CONVERSION = YES;
				CLANG_WARN_CONSTANT_CONVERSION = YES;
				CLANG_WARN_DIRECT_OBJC_ISA_USAGE = YES_ERROR;
				CLANG_WARN_EMPTY_BODY = YES;
				CLANG_WARN_ENUM_CONVERSION = YES;
				CLANG_WARN_INFINITE_RECURSION = YES;
				CLANG_WARN_INT_CONVERSION = YES;
				CLANG_WARN_OBJC_ROOT_CLASS = YES_ERROR;
				CLANG_WARN_SUSPICIOUS_MOVE = YES;
				CLANG_WARN_UNREACHABLE_CODE = YES;
				CLANG_WARN__DUPLICATE_METHOD_MATCH = YES;
				"CODE_SIGN_IDENTITY[sdk=iphoneos*]" = "iPhone Developer";
				COPY_PHASE_STRIP = NO;
				DEBUG_INFORMATION_FORMAT = "dwarf-with-dsym";
				ENABLE_STRICT_OBJC_MSGSEND = YES;
				ENABLE_TESTABILITY = YES;
				GCC_C_LANGUAGE_STANDARD = gnu99;
				GCC_DYNAMIC_NO_PIC = NO;
				GCC_NO_COMMON_BLOCKS = YES;
				GCC_OPTIMIZATION_LEVEL = 0;
				GCC_PREPROCESSOR_DEFINITIONS = (
					"DEBUG=1",
					"$(inherited)",
				);
				GCC_SYMBOLS_PRIVATE_EXTERN = NO;
				GCC_WARN_64_TO_32_BIT_CONVERSION = YES;
				GCC_WARN_ABOUT_RETURN_TYPE = YES_ERROR;
				GCC_WARN_UNDECLARED_SELECTOR = YES;
				GCC_WARN_UNINITIALIZED_AUTOS = YES_AGGRESSIVE;
				GCC_WARN_UNUSED_FUNCTION = YES;
				GCC_WARN_UNUSED_VARIABLE = YES;
				IPHONEOS_DEPLOYMENT_TARGET = 8.4;
				MTL_ENABLE_DEBUG_INFO = YES;
				ONLY_ACTIVE_ARCH = YES;
				SDKROOT = iphoneos;
				SWIFT_OPTIMIZATION_LEVEL = "-Onone";
				TARGETED_DEVICE_FAMILY = "1,2";
			};
			name = Debug;
		};
		B57B69CD1BCBFD0A0074E9F9 /* Release */ = {
			isa = XCBuildConfiguration;
			buildSettings = {
				ALWAYS_SEARCH_USER_PATHS = NO;
				CLANG_CXX_LANGUAGE_STANDARD = "gnu++0x";
				CLANG_CXX_LIBRARY = "libc++";
				CLANG_ENABLE_MODULES = YES;
				CLANG_ENABLE_OBJC_ARC = YES;
				CLANG_WARN_BOOL_CONVERSION = YES;
				CLANG_WARN_CONSTANT_CONVERSION = YES;
				CLANG_WARN_DIRECT_OBJC_ISA_USAGE = YES_ERROR;
				CLANG_WARN_EMPTY_BODY = YES;
				CLANG_WARN_ENUM_CONVERSION = YES;
				CLANG_WARN_INFINITE_RECURSION = YES;
				CLANG_WARN_INT_CONVERSION = YES;
				CLANG_WARN_OBJC_ROOT_CLASS = YES_ERROR;
				CLANG_WARN_SUSPICIOUS_MOVE = YES;
				CLANG_WARN_UNREACHABLE_CODE = YES;
				CLANG_WARN__DUPLICATE_METHOD_MATCH = YES;
				"CODE_SIGN_IDENTITY[sdk=iphoneos*]" = "iPhone Developer";
				COPY_PHASE_STRIP = NO;
				DEBUG_INFORMATION_FORMAT = "dwarf-with-dsym";
				ENABLE_NS_ASSERTIONS = NO;
				ENABLE_STRICT_OBJC_MSGSEND = YES;
				GCC_C_LANGUAGE_STANDARD = gnu99;
				GCC_NO_COMMON_BLOCKS = YES;
				GCC_WARN_64_TO_32_BIT_CONVERSION = YES;
				GCC_WARN_ABOUT_RETURN_TYPE = YES_ERROR;
				GCC_WARN_UNDECLARED_SELECTOR = YES;
				GCC_WARN_UNINITIALIZED_AUTOS = YES_AGGRESSIVE;
				GCC_WARN_UNUSED_FUNCTION = YES;
				GCC_WARN_UNUSED_VARIABLE = YES;
				IPHONEOS_DEPLOYMENT_TARGET = 8.4;
				MTL_ENABLE_DEBUG_INFO = NO;
				SDKROOT = iphoneos;
				SWIFT_OPTIMIZATION_LEVEL = "-Owholemodule";
				TARGETED_DEVICE_FAMILY = "1,2";
				VALIDATE_PRODUCT = YES;
			};
			name = Release;
		};
		B57B69CF1BCBFD0A0074E9F9 /* Debug */ = {
			isa = XCBuildConfiguration;
			buildSettings = {
				ASSETCATALOG_COMPILER_APPICON_NAME = AppIcon;
				"CODE_SIGN_IDENTITY[sdk=iphoneos*]" = "iPhone Developer";
				DEVELOPMENT_TEAM = URYE7Q84ZM;
				INFOPLIST_FILE = Canigoo/Info.plist;
				LD_RUNPATH_SEARCH_PATHS = "$(inherited) @executable_path/Frameworks";
				PRODUCT_BUNDLE_IDENTIFIER = com.canigoo.radio;
				PRODUCT_NAME = "$(TARGET_NAME)";
				PROVISIONING_PROFILE = "";
				SWIFT_VERSION = 3.0;
				TARGETED_DEVICE_FAMILY = 1;
			};
			name = Debug;
		};
		B57B69D01BCBFD0A0074E9F9 /* Release */ = {
			isa = XCBuildConfiguration;
			buildSettings = {
				ASSETCATALOG_COMPILER_APPICON_NAME = AppIcon;
				"CODE_SIGN_IDENTITY[sdk=iphoneos*]" = "iPhone Developer";
				DEVELOPMENT_TEAM = URYE7Q84ZM;
				INFOPLIST_FILE = Canigoo/Info.plist;
				LD_RUNPATH_SEARCH_PATHS = "$(inherited) @executable_path/Frameworks";
				PRODUCT_BUNDLE_IDENTIFIER = com.canigoo.radio;
				PRODUCT_NAME = "$(TARGET_NAME)";
				PROVISIONING_PROFILE = "";
				SWIFT_VERSION = 3.0;
				TARGETED_DEVICE_FAMILY = 1;
			};
			name = Release;
		};
		B57B69D21BCBFD0A0074E9F9 /* Debug */ = {
			isa = XCBuildConfiguration;
			buildSettings = {
				BUNDLE_LOADER = "$(TEST_HOST)";
				FRAMEWORK_SEARCH_PATHS = (
					"$(SDKROOT)/Developer/Library/Frameworks",
					"$(inherited)",
				);
				GCC_PREPROCESSOR_DEFINITIONS = (
					"DEBUG=1",
					"$(inherited)",
				);
				INFOPLIST_FILE = CanigooTests/Info.plist;
				LD_RUNPATH_SEARCH_PATHS = "$(inherited) @executable_path/Frameworks @loader_path/Frameworks";
				PRODUCT_BUNDLE_IDENTIFIER = "fr.mcmurrich.$(PRODUCT_NAME:rfc1034identifier)";
				PRODUCT_NAME = "$(TARGET_NAME)";
				SWIFT_VERSION = 3.0;
				TEST_HOST = "$(BUILT_PRODUCTS_DIR)/Canigoo.app/Canigoo";
			};
			name = Debug;
		};
		B57B69D31BCBFD0A0074E9F9 /* Release */ = {
			isa = XCBuildConfiguration;
			buildSettings = {
				BUNDLE_LOADER = "$(TEST_HOST)";
				FRAMEWORK_SEARCH_PATHS = (
					"$(SDKROOT)/Developer/Library/Frameworks",
					"$(inherited)",
				);
				INFOPLIST_FILE = CanigooTests/Info.plist;
				LD_RUNPATH_SEARCH_PATHS = "$(inherited) @executable_path/Frameworks @loader_path/Frameworks";
				PRODUCT_BUNDLE_IDENTIFIER = "fr.mcmurrich.$(PRODUCT_NAME:rfc1034identifier)";
				PRODUCT_NAME = "$(TARGET_NAME)";
				SWIFT_VERSION = 3.0;
				TEST_HOST = "$(BUILT_PRODUCTS_DIR)/Canigoo.app/Canigoo";
			};
			name = Release;
		};
/* End XCBuildConfiguration section */

/* Begin XCConfigurationList section */
		B57B69AA1BCBFD0A0074E9F9 /* Build configuration list for PBXProject "Canigoo" */ = {
			isa = XCConfigurationList;
			buildConfigurations = (
				B57B69CC1BCBFD0A0074E9F9 /* Debug */,
				B57B69CD1BCBFD0A0074E9F9 /* Release */,
			);
			defaultConfigurationIsVisible = 0;
			defaultConfigurationName = Release;
		};
		B57B69CE1BCBFD0A0074E9F9 /* Build configuration list for PBXNativeTarget "Canigoo" */ = {
			isa = XCConfigurationList;
			buildConfigurations = (
				B57B69CF1BCBFD0A0074E9F9 /* Debug */,
				B57B69D01BCBFD0A0074E9F9 /* Release */,
			);
			defaultConfigurationIsVisible = 0;
			defaultConfigurationName = Release;
		};
		B57B69D11BCBFD0A0074E9F9 /* Build configuration list for PBXNativeTarget "CanigooTests" */ = {
			isa = XCConfigurationList;
			buildConfigurations = (
				B57B69D21BCBFD0A0074E9F9 /* Debug */,
				B57B69D31BCBFD0A0074E9F9 /* Release */,
			);
			defaultConfigurationIsVisible = 0;
			defaultConfigurationName = Release;
		};
/* End XCConfigurationList section */
	};
	rootObject = B57B69A71BCBFD0A0074E9F9 /* Project object */;
}
